
Microsoft Visual Studio Solution File, Format Version 12.00
# Visual Studio Version 16
VisualStudioVersion = 16.0.32802.440
MinimumVisualStudioVersion = 10.0.40219.1
Project("{9A19103F-16F7-4668-BE54-9A1E7A4F7556}") = "Appr Disaster alleviation foundation app1", "Appr Disaster alleviation foundation app1\Appr Disaster alleviation foundation app1.csproj", "{79FC855C-E1B6-4219-8FF4-468652D1C02B}"
EndProject
Project("{FAE04EC0-301F-11D3-BF4B-00C04F79EFBC}") = "UnitTestLogin", "UnitTestLogin\UnitTestLogin.csproj", "{5FB284AC-2924-43A2-B2B6-ACB0899C6914}"
EndProject
Global
	GlobalSection(SolutionConfigurationPlatforms) = preSolution
		Debug|Any CPU = Debug|Any CPU
		Release|Any CPU = Release|Any CPU
	EndGlobalSection
	GlobalSection(ProjectConfigurationPlatforms) = postSolution
		{79FC855C-E1B6-4219-8FF4-468652D1C02B}.Debug|Any CPU.ActiveCfg = Debug|Any CPU
		{79FC855C-E1B6-4219-8FF4-468652D1C02B}.Debug|Any CPU.Build.0 = Debug|Any CPU
		{79FC855C-E1B6-4219-8FF4-468652D1C02B}.Release|Any CPU.ActiveCfg = Release|Any CPU
		{79FC855C-E1B6-4219-8FF4-468652D1C02B}.Release|Any CPU.Build.0 = Release|Any CPU
		{5FB284AC-2924-43A2-B2B6-ACB0899C6914}.Debug|Any CPU.ActiveCfg = Debug|Any CPU
		{5FB284AC-2924-43A2-B2B6-ACB0899C6914}.Debug|Any CPU.Build.0 = Debug|Any CPU
		{5FB284AC-2924-43A2-B2B6-ACB0899C6914}.Release|Any CPU.ActiveCfg = Release|Any CPU
		{5FB284AC-2924-43A2-B2B6-ACB0899C6914}.Release|Any CPU.Build.0 = Release|Any CPU
	EndGlobalSection
	GlobalSection(SolutionProperties) = preSolution
		HideSolutionNode = FALSE
	EndGlobalSection
	GlobalSection(ExtensibilityGlobals) = postSolution
		SolutionGuid = {FFF4589E-1C46-49F2-B34F-A8DE03D3DBFC}
	EndGlobalSection
EndGlobal
